
Microsoft Visual Studio Solution File, Format Version 12.00
# Visual Studio 15
Project("{FAE04EC0-301F-11D3-BF4B-00C04F79EFBC}") = "NIRSMuscle", "NIRSMuscle\NIRSMuscle.csproj", "{9B73DB70-A0BD-417A-82B7-03E373918CAA}"
EndProject
Global
	GlobalSection(SolutionConfigurationPlatforms) = preSolution
		Debug|anycpu = Debug|anycpu
		Release|anycpu = Release|anycpu
	EndGlobalSection
	GlobalSection(ProjectConfigurationPlatforms) = postSolution
		{9B73DB70-A0BD-417A-82B7-03E373918CAA}.Debug|anycpu.ActiveCfg = Debug|anycpu
		{9B73DB70-A0BD-417A-82B7-03E373918CAA}.Debug|anycpu.Build.0 = Debug|anycpu
		{9B73DB70-A0BD-417A-82B7-03E373918CAA}.Release|anycpu.ActiveCfg = Release|anycpu
		{9B73DB70-A0BD-417A-82B7-03E373918CAA}.Release|anycpu.Build.0 = Release|anycpu
	EndGlobalSection
	GlobalSection(MonoDevelopProperties) = preSolution
		Policies = $0
		$0.VersionControlPolicy = $1
	EndGlobalSection
EndGlobal
